
Microsoft Visual Studio Solution File, Format Version 12.00
# Visual Studio Version 17
VisualStudioVersion = 17.2.32602.215
MinimumVisualStudioVersion = 10.0.40219.1
Project("{9A19103F-16F7-4668-BE54-9A1E7A4F7556}") = "1ex", "5oop\1ex.csproj", "{D53AF095-E07A-45DF-BA08-B1DA07D3FA9F}"
EndProject
Project("{FAE04EC0-301F-11D3-BF4B-00C04F79EFBC}") = "2exx", "2exx\2exx.csproj", "{A9560ADE-E5EC-4401-A908-D05A1D0E8F7B}"
EndProject
Project("{FAE04EC0-301F-11D3-BF4B-00C04F79EFBC}") = "3ex", "3ex\3ex.csproj", "{FEA1DB9E-5E2B-461D-ABB1-50F012BC2C9D}"
EndProject
Project("{FAE04EC0-301F-11D3-BF4B-00C04F79EFBC}") = "4ex", "4ex\4ex.csproj", "{3C84DB78-4298-4624-AC10-7EB04DF7D59E}"
EndProject
Project("{FAE04EC0-301F-11D3-BF4B-00C04F79EFBC}") = "5ex", "5ex\5ex.csproj", "{0C1F7F72-FE50-4080-9F6C-BAF424C769A5}"
EndProject
Global
	GlobalSection(SolutionConfigurationPlatforms) = preSolution
		Debug|Any CPU = Debug|Any CPU
		Release|Any CPU = Release|Any CPU
	EndGlobalSection
	GlobalSection(ProjectConfigurationPlatforms) = postSolution
		{D53AF095-E07A-45DF-BA08-B1DA07D3FA9F}.Debug|Any CPU.ActiveCfg = Debug|Any CPU
		{D53AF095-E07A-45DF-BA08-B1DA07D3FA9F}.Debug|Any CPU.Build.0 = Debug|Any CPU
		{D53AF095-E07A-45DF-BA08-B1DA07D3FA9F}.Release|Any CPU.ActiveCfg = Release|Any CPU
		{D53AF095-E07A-45DF-BA08-B1DA07D3FA9F}.Release|Any CPU.Build.0 = Release|Any CPU
		{A9560ADE-E5EC-4401-A908-D05A1D0E8F7B}.Debug|Any CPU.ActiveCfg = Debug|Any CPU
		{A9560ADE-E5EC-4401-A908-D05A1D0E8F7B}.Debug|Any CPU.Build.0 = Debug|Any CPU
		{A9560ADE-E5EC-4401-A908-D05A1D0E8F7B}.Release|Any CPU.ActiveCfg = Release|Any CPU
		{A9560ADE-E5EC-4401-A908-D05A1D0E8F7B}.Release|Any CPU.Build.0 = Release|Any CPU
		{FEA1DB9E-5E2B-461D-ABB1-50F012BC2C9D}.Debug|Any CPU.ActiveCfg = Debug|Any CPU
		{FEA1DB9E-5E2B-461D-ABB1-50F012BC2C9D}.Debug|Any CPU.Build.0 = Debug|Any CPU
		{FEA1DB9E-5E2B-461D-ABB1-50F012BC2C9D}.Release|Any CPU.ActiveCfg = Release|Any CPU
		{FEA1DB9E-5E2B-461D-ABB1-50F012BC2C9D}.Release|Any CPU.Build.0 = Release|Any CPU
		{3C84DB78-4298-4624-AC10-7EB04DF7D59E}.Debug|Any CPU.ActiveCfg = Debug|Any CPU
		{3C84DB78-4298-4624-AC10-7EB04DF7D59E}.Debug|Any CPU.Build.0 = Debug|Any CPU
		{3C84DB78-4298-4624-AC10-7EB04DF7D59E}.Release|Any CPU.ActiveCfg = Release|Any CPU
		{3C84DB78-4298-4624-AC10-7EB04DF7D59E}.Release|Any CPU.Build.0 = Release|Any CPU
		{0C1F7F72-FE50-4080-9F6C-BAF424C769A5}.Debug|Any CPU.ActiveCfg = Debug|Any CPU
		{0C1F7F72-FE50-4080-9F6C-BAF424C769A5}.Debug|Any CPU.Build.0 = Debug|Any CPU
		{0C1F7F72-FE50-4080-9F6C-BAF424C769A5}.Release|Any CPU.ActiveCfg = Release|Any CPU
		{0C1F7F72-FE50-4080-9F6C-BAF424C769A5}.Release|Any CPU.Build.0 = Release|Any CPU
	EndGlobalSection
	GlobalSection(SolutionProperties) = preSolution
		HideSolutionNode = FALSE
	EndGlobalSection
	GlobalSection(ExtensibilityGlobals) = postSolution
		SolutionGuid = {EF5A3B16-3B86-42C0-A67A-66B81004F146}
	EndGlobalSection
EndGlobal
